// !$*UTF8*$!
{
	archiveVersion = 1;
	classes = {
	};
	objectVersion = 56;
	objects = {

/* Begin PBXBuildFile section */
		0A0F7DE32B712B7A009D3A3C /* AppDelegate.swift in Sources */ = {isa = PBXBuildFile; fileRef = 0A0F7DE22B712B7A009D3A3C /* AppDelegate.swift */; };
		0A0F7DE52B712B7A009D3A3C /* SceneDelegate.swift in Sources */ = {isa = PBXBuildFile; fileRef = 0A0F7DE42B712B7A009D3A3C /* SceneDelegate.swift */; };
		0A0F7DE72B712B7A009D3A3C /* ViewController.swift in Sources */ = {isa = PBXBuildFile; fileRef = 0A0F7DE62B712B7A009D3A3C /* ViewController.swift */; };
		0A0F7DEA2B712B7A009D3A3C /* Main.storyboard in Resources */ = {isa = PBXBuildFile; fileRef = 0A0F7DE82B712B7A009D3A3C /* Main.storyboard */; };
		0A0F7DEC2B712B7B009D3A3C /* Assets.xcassets in Resources */ = {isa = PBXBuildFile; fileRef = 0A0F7DEB2B712B7B009D3A3C /* Assets.xcassets */; };
		0A0F7DEF2B712B7B009D3A3C /* LaunchScreen.storyboard in Resources */ = {isa = PBXBuildFile; fileRef = 0A0F7DED2B712B7B009D3A3C /* LaunchScreen.storyboard */; };
		0A3B2B902B72084B0038208F /* Track.swift in Sources */ = {isa = PBXBuildFile; fileRef = 0A3B2B8F2B72084B0038208F /* Track.swift */; };
		0A3B2B942B7267070038208F /* README.md in Resources */ = {isa = PBXBuildFile; fileRef = 0A3B2B932B7267070038208F /* README.md */; };
		0AC39F452B793DBA009DDD9C /* Track3.mp3 in Resources */ = {isa = PBXBuildFile; fileRef = 0AC39F422B793DB9009DDD9C /* Track3.mp3 */; };
		0AC39F462B793DBA009DDD9C /* Track2.mp3 in Resources */ = {isa = PBXBuildFile; fileRef = 0AC39F432B793DB9009DDD9C /* Track2.mp3 */; };
		0AC39F472B793DBA009DDD9C /* Track1.mp3 in Resources */ = {isa = PBXBuildFile; fileRef = 0AC39F442B793DBA009DDD9C /* Track1.mp3 */; };
		0AC39F4C2B793E4C009DDD9C /* UILabel + Extension.swift in Sources */ = {isa = PBXBuildFile; fileRef = 0AC39F492B793E4C009DDD9C /* UILabel + Extension.swift */; };
		0AC39F4D2B793E4C009DDD9C /* UIView + Extension.swift in Sources */ = {isa = PBXBuildFile; fileRef = 0AC39F4A2B793E4C009DDD9C /* UIView + Extension.swift */; };
		0AC39F502B793E85009DDD9C /* PersonDataView.swift in Sources */ = {isa = PBXBuildFile; fileRef = 0AC39F4F2B793E85009DDD9C /* PersonDataView.swift */; };
		0AC39F522B794050009DDD9C /* Playlist.swift in Sources */ = {isa = PBXBuildFile; fileRef = 0AC39F512B794050009DDD9C /* Playlist.swift */; };
/* End PBXBuildFile section */

/* Begin PBXFileReference section */
		0A0F7DDF2B712B7A009D3A3C /* UIKItTemplate.app */ = {isa = PBXFileReference; explicitFileType = wrapper.application; includeInIndex = 0; path = UIKItTemplate.app; sourceTree = BUILT_PRODUCTS_DIR; };
		0A0F7DE22B712B7A009D3A3C /* AppDelegate.swift */ = {isa = PBXFileReference; lastKnownFileType = sourcecode.swift; path = AppDelegate.swift; sourceTree = "<group>"; };
		0A0F7DE42B712B7A009D3A3C /* SceneDelegate.swift */ = {isa = PBXFileReference; lastKnownFileType = sourcecode.swift; path = SceneDelegate.swift; sourceTree = "<group>"; };
		0A0F7DE62B712B7A009D3A3C /* ViewController.swift */ = {isa = PBXFileReference; lastKnownFileType = sourcecode.swift; path = ViewController.swift; sourceTree = "<group>"; };
		0A0F7DE92B712B7A009D3A3C /* Base */ = {isa = PBXFileReference; lastKnownFileType = file.storyboard; name = Base; path = Base.lproj/Main.storyboard; sourceTree = "<group>"; };
		0A0F7DEB2B712B7B009D3A3C /* Assets.xcassets */ = {isa = PBXFileReference; lastKnownFileType = folder.assetcatalog; path = Assets.xcassets; sourceTree = "<group>"; };
		0A0F7DEE2B712B7B009D3A3C /* Base */ = {isa = PBXFileReference; lastKnownFileType = file.storyboard; name = Base; path = Base.lproj/LaunchScreen.storyboard; sourceTree = "<group>"; };
		0A0F7DF02B712B7B009D3A3C /* Info.plist */ = {isa = PBXFileReference; lastKnownFileType = text.plist.xml; path = Info.plist; sourceTree = "<group>"; };
		0A3B2B8F2B72084B0038208F /* Track.swift */ = {isa = PBXFileReference; lastKnownFileType = sourcecode.swift; path = Track.swift; sourceTree = "<group>"; };
		0A3B2B932B7267070038208F /* README.md */ = {isa = PBXFileReference; fileEncoding = 4; lastKnownFileType = net.daringfireball.markdown; path = README.md; sourceTree = "<group>"; };
		0AC39F422B793DB9009DDD9C /* Track3.mp3 */ = {isa = PBXFileReference; lastKnownFileType = audio.mp3; path = Track3.mp3; sourceTree = "<group>"; };
		0AC39F432B793DB9009DDD9C /* Track2.mp3 */ = {isa = PBXFileReference; lastKnownFileType = audio.mp3; path = Track2.mp3; sourceTree = "<group>"; };
		0AC39F442B793DBA009DDD9C /* Track1.mp3 */ = {isa = PBXFileReference; lastKnownFileType = audio.mp3; path = Track1.mp3; sourceTree = "<group>"; };
		0AC39F492B793E4C009DDD9C /* UILabel + Extension.swift */ = {isa = PBXFileReference; fileEncoding = 4; lastKnownFileType = sourcecode.swift; path = "UILabel + Extension.swift"; sourceTree = "<group>"; };
		0AC39F4A2B793E4C009DDD9C /* UIView + Extension.swift */ = {isa = PBXFileReference; fileEncoding = 4; lastKnownFileType = sourcecode.swift; path = "UIView + Extension.swift"; sourceTree = "<group>"; };
		0AC39F4F2B793E85009DDD9C /* PersonDataView.swift */ = {isa = PBXFileReference; fileEncoding = 4; lastKnownFileType = sourcecode.swift; path = PersonDataView.swift; sourceTree = "<group>"; };
		0AC39F512B794050009DDD9C /* Playlist.swift */ = {isa = PBXFileReference; lastKnownFileType = sourcecode.swift; path = Playlist.swift; sourceTree = "<group>"; };
/* End PBXFileReference section */

/* Begin PBXFrameworksBuildPhase section */
		0A0F7DDC2B712B7A009D3A3C /* Frameworks */ = {
			isa = PBXFrameworksBuildPhase;
			buildActionMask = 2147483647;
			files = (
			);
			runOnlyForDeploymentPostprocessing = 0;
		};
/* End PBXFrameworksBuildPhase section */

/* Begin PBXGroup section */
		0A0F7DD62B712B7A009D3A3C = {
			isa = PBXGroup;
			children = (
				0A3B2B932B7267070038208F /* README.md */,
				0A3B2B8A2B7201BC0038208F /* App */,
				0A0F7DE12B712B7A009D3A3C /* UIKItTemplate */,
				0A0F7DE02B712B7A009D3A3C /* Products */,
			);
			sourceTree = "<group>";
		};
		0A0F7DE02B712B7A009D3A3C /* Products */ = {
			isa = PBXGroup;
			children = (
				0A0F7DDF2B712B7A009D3A3C /* UIKItTemplate.app */,
			);
			name = Products;
			sourceTree = "<group>";
		};
		0A0F7DE12B712B7A009D3A3C /* UIKItTemplate */ = {
			isa = PBXGroup;
			children = (
				0AC39F3E2B793B7F009DDD9C /* Modules */,
				0AC39F482B793E4C009DDD9C /* Extensions */,
				0A3B2B8B2B7201E10038208F /* SupportingFiles */,
			);
			path = UIKItTemplate;
			sourceTree = "<group>";
		};
		0A3B2B8A2B7201BC0038208F /* App */ = {
			isa = PBXGroup;
			children = (
				0A0F7DE22B712B7A009D3A3C /* AppDelegate.swift */,
				0A0F7DE42B712B7A009D3A3C /* SceneDelegate.swift */,
			);
			path = App;
			sourceTree = "<group>";
		};
		0A3B2B8B2B7201E10038208F /* SupportingFiles */ = {
			isa = PBXGroup;
			children = (
				0AC39F412B793D79009DDD9C /* Tracks */,
				0A0F7DEB2B712B7B009D3A3C /* Assets.xcassets */,
				0A0F7DED2B712B7B009D3A3C /* LaunchScreen.storyboard */,
				0A0F7DF02B712B7B009D3A3C /* Info.plist */,
			);
			path = SupportingFiles;
			sourceTree = "<group>";
		};
		0A3B2B8C2B7208210038208F /* Controller */ = {
			isa = PBXGroup;
			children = (
				0A0F7DE62B712B7A009D3A3C /* ViewController.swift */,
			);
			path = Controller;
			sourceTree = "<group>";
		};
		0A3B2B8D2B7208340038208F /* View */ = {
			isa = PBXGroup;
			children = (
				0AC39F4F2B793E85009DDD9C /* PersonDataView.swift */,
				0A0F7DE82B712B7A009D3A3C /* Main.storyboard */,
			);
			path = View;
			sourceTree = "<group>";
		};
		0A3B2B8E2B72083E0038208F /* Model */ = {
			isa = PBXGroup;
			children = (
				0A3B2B8F2B72084B0038208F /* Track.swift */,
				0AC39F512B794050009DDD9C /* Playlist.swift */,
			);
			path = Model;
			sourceTree = "<group>";
		};
		0AC39F3E2B793B7F009DDD9C /* Modules */ = {
			isa = PBXGroup;
			children = (
				0AC39F3F2B793B8D009DDD9C /* PlaylistModule */,
				0AC39F402B793B9A009DDD9C /* PlayerModule */,
			);
			path = Modules;
			sourceTree = "<group>";
		};
		0AC39F3F2B793B8D009DDD9C /* PlaylistModule */ = {
			isa = PBXGroup;
			children = (
				0A3B2B8E2B72083E0038208F /* Model */,
				0A3B2B8C2B7208210038208F /* Controller */,
				0A3B2B8D2B7208340038208F /* View */,
			);
			path = PlaylistModule;
			sourceTree = "<group>";
		};
		0AC39F402B793B9A009DDD9C /* PlayerModule */ = {
			isa = PBXGroup;
			children = (
			);
			path = PlayerModule;
			sourceTree = "<group>";
		};
		0AC39F412B793D79009DDD9C /* Tracks */ = {
			isa = PBXGroup;
			children = (
				0AC39F442B793DBA009DDD9C /* Track1.mp3 */,
				0AC39F432B793DB9009DDD9C /* Track2.mp3 */,
				0AC39F422B793DB9009DDD9C /* Track3.mp3 */,
			);
			path = Tracks;
			sourceTree = "<group>";
		};
		0AC39F482B793E4C009DDD9C /* Extensions */ = {
			isa = PBXGroup;
			children = (
				0AC39F492B793E4C009DDD9C /* UILabel + Extension.swift */,
				0AC39F4A2B793E4C009DDD9C /* UIView + Extension.swift */,
			);
			path = Extensions;
			sourceTree = "<group>";
		};
/* End PBXGroup section */

/* Begin PBXNativeTarget section */
		0A0F7DDE2B712B7A009D3A3C /* UIKItTemplate */ = {
			isa = PBXNativeTarget;
			buildConfigurationList = 0A0F7DF32B712B7B009D3A3C /* Build configuration list for PBXNativeTarget "UIKItTemplate" */;
			buildPhases = (
				0A3B2B892B71FD160038208F /* Swiftformat */,
				0A0B7AEB2B71525700BBD13E /* SwiftlintScript */,
				0A0F7DDB2B712B7A009D3A3C /* Sources */,
				0A0F7DDC2B712B7A009D3A3C /* Frameworks */,
				0A0F7DDD2B712B7A009D3A3C /* Resources */,
			);
			buildRules = (
			);
			dependencies = (
			);
			name = UIKItTemplate;
			productName = UIKItTemplate;
			productReference = 0A0F7DDF2B712B7A009D3A3C /* UIKItTemplate.app */;
			productType = "com.apple.product-type.application";
		};
/* End PBXNativeTarget section */

/* Begin PBXProject section */
		0A0F7DD72B712B7A009D3A3C /* Project object */ = {
			isa = PBXProject;
			attributes = {
				BuildIndependentTargetsInParallel = 1;
				LastSwiftUpdateCheck = 1500;
				LastUpgradeCheck = 1500;
				TargetAttributes = {
					0A0F7DDE2B712B7A009D3A3C = {
						CreatedOnToolsVersion = 15.0;
					};
				};
			};
			buildConfigurationList = 0A0F7DDA2B712B7A009D3A3C /* Build configuration list for PBXProject "UIKItTemplate" */;
			compatibilityVersion = "Xcode 14.0";
			developmentRegion = en;
			hasScannedForEncodings = 0;
			knownRegions = (
				en,
				Base,
			);
			mainGroup = 0A0F7DD62B712B7A009D3A3C;
			productRefGroup = 0A0F7DE02B712B7A009D3A3C /* Products */;
			projectDirPath = "";
			projectRoot = "";
			targets = (
				0A0F7DDE2B712B7A009D3A3C /* UIKItTemplate */,
			);
		};
/* End PBXProject section */

/* Begin PBXResourcesBuildPhase section */
		0A0F7DDD2B712B7A009D3A3C /* Resources */ = {
			isa = PBXResourcesBuildPhase;
			buildActionMask = 2147483647;
			files = (
				0AC39F472B793DBA009DDD9C /* Track1.mp3 in Resources */,
				0AC39F452B793DBA009DDD9C /* Track3.mp3 in Resources */,
				0AC39F462B793DBA009DDD9C /* Track2.mp3 in Resources */,
				0A0F7DEF2B712B7B009D3A3C /* LaunchScreen.storyboard in Resources */,
				0A0F7DEC2B712B7B009D3A3C /* Assets.xcassets in Resources */,
				0A3B2B942B7267070038208F /* README.md in Resources */,
				0A0F7DEA2B712B7A009D3A3C /* Main.storyboard in Resources */,
			);
			runOnlyForDeploymentPostprocessing = 0;
		};
/* End PBXResourcesBuildPhase section */

/* Begin PBXShellScriptBuildPhase section */
		0A0B7AEB2B71525700BBD13E /* SwiftlintScript */ = {
			isa = PBXShellScriptBuildPhase;
			alwaysOutOfDate = 1;
			buildActionMask = 2147483647;
			files = (
			);
			inputFileListPaths = (
			);
			inputPaths = (
			);
			name = SwiftlintScript;
			outputFileListPaths = (
			);
			outputPaths = (
			);
			runOnlyForDeploymentPostprocessing = 0;
			shellPath = /bin/sh;
			shellScript = "if [[ \"$(uname -m)\" == arm64 ]]; then\n    export PATH=\"/opt/homebrew/bin:$PATH\"\nfi\n\nif which swiftlint > /dev/null; then\n  swiftlint\nelse\n  echo \"warning: SwiftLint not installed, download from https://github.com/realm/SwiftLint\"\nfi\n";
			showEnvVarsInLog = 0;
		};
		0A3B2B892B71FD160038208F /* Swiftformat */ = {
			isa = PBXShellScriptBuildPhase;
			alwaysOutOfDate = 1;
			buildActionMask = 2147483647;
			files = (
			);
			inputFileListPaths = (
			);
			inputPaths = (
			);
			name = Swiftformat;
			outputFileListPaths = (
			);
			outputPaths = (
			);
			runOnlyForDeploymentPostprocessing = 0;
			shellPath = /bin/sh;
			shellScript = "if [[ \"$(uname -m)\" == arm64 ]]; then\n    export PATH=\"/opt/homebrew/bin:$PATH\"\nfi\n\nif which swiftformat >/dev/null; then\n  swiftformat .\nelse\n  echo \"warning: SwiftFormat not installed, download from https://github.com/nicklockwood/SwiftFormat\"\nfi\n";
			showEnvVarsInLog = 0;
		};
/* End PBXShellScriptBuildPhase section */

/* Begin PBXSourcesBuildPhase section */
		0A0F7DDB2B712B7A009D3A3C /* Sources */ = {
			isa = PBXSourcesBuildPhase;
			buildActionMask = 2147483647;
			files = (
				0A0F7DE72B712B7A009D3A3C /* ViewController.swift in Sources */,
				0AC39F4C2B793E4C009DDD9C /* UILabel + Extension.swift in Sources */,
				0AC39F4D2B793E4C009DDD9C /* UIView + Extension.swift in Sources */,
				0AC39F522B794050009DDD9C /* Playlist.swift in Sources */,
				0A0F7DE32B712B7A009D3A3C /* AppDelegate.swift in Sources */,
				0AC39F502B793E85009DDD9C /* PersonDataView.swift in Sources */,
				0A0F7DE52B712B7A009D3A3C /* SceneDelegate.swift in Sources */,
				0A3B2B902B72084B0038208F /* Track.swift in Sources */,
			);
			runOnlyForDeploymentPostprocessing = 0;
		};
/* End PBXSourcesBuildPhase section */

/* Begin PBXVariantGroup section */
		0A0F7DE82B712B7A009D3A3C /* Main.storyboard */ = {
			isa = PBXVariantGroup;
			children = (
				0A0F7DE92B712B7A009D3A3C /* Base */,
			);
			name = Main.storyboard;
			sourceTree = "<group>";
		};
		0A0F7DED2B712B7B009D3A3C /* LaunchScreen.storyboard */ = {
			isa = PBXVariantGroup;
			children = (
				0A0F7DEE2B712B7B009D3A3C /* Base */,
			);
			name = LaunchScreen.storyboard;
			sourceTree = "<group>";
		};
/* End PBXVariantGroup section */

/* Begin XCBuildConfiguration section */
		0A0F7DF12B712B7B009D3A3C /* Debug */ = {
			isa = XCBuildConfiguration;
			buildSettings = {
				ALWAYS_SEARCH_USER_PATHS = NO;
				ASSETCATALOG_COMPILER_GENERATE_SWIFT_ASSET_SYMBOL_EXTENSIONS = YES;
				CLANG_ANALYZER_NONNULL = YES;
				CLANG_ANALYZER_NUMBER_OBJECT_CONVERSION = YES_AGGRESSIVE;
				CLANG_CXX_LANGUAGE_STANDARD = "gnu++20";
				CLANG_ENABLE_MODULES = YES;
				CLANG_ENABLE_OBJC_ARC = YES;
				CLANG_ENABLE_OBJC_WEAK = YES;
				CLANG_WARN_BLOCK_CAPTURE_AUTORELEASING = YES;
				CLANG_WARN_BOOL_CONVERSION = YES;
				CLANG_WARN_COMMA = YES;
				CLANG_WARN_CONSTANT_CONVERSION = YES;
				CLANG_WARN_DEPRECATED_OBJC_IMPLEMENTATIONS = YES;
				CLANG_WARN_DIRECT_OBJC_ISA_USAGE = YES_ERROR;
				CLANG_WARN_DOCUMENTATION_COMMENTS = YES;
				CLANG_WARN_EMPTY_BODY = YES;
				CLANG_WARN_ENUM_CONVERSION = YES;
				CLANG_WARN_INFINITE_RECURSION = YES;
				CLANG_WARN_INT_CONVERSION = YES;
				CLANG_WARN_NON_LITERAL_NULL_CONVERSION = YES;
				CLANG_WARN_OBJC_IMPLICIT_RETAIN_SELF = YES;
				CLANG_WARN_OBJC_LITERAL_CONVERSION = YES;
				CLANG_WARN_OBJC_ROOT_CLASS = YES_ERROR;
				CLANG_WARN_QUOTED_INCLUDE_IN_FRAMEWORK_HEADER = YES;
				CLANG_WARN_RANGE_LOOP_ANALYSIS = YES;
				CLANG_WARN_STRICT_PROTOTYPES = YES;
				CLANG_WARN_SUSPICIOUS_MOVE = YES;
				CLANG_WARN_UNGUARDED_AVAILABILITY = YES_AGGRESSIVE;
				CLANG_WARN_UNREACHABLE_CODE = YES;
				CLANG_WARN__DUPLICATE_METHOD_MATCH = YES;
				COPY_PHASE_STRIP = NO;
				DEBUG_INFORMATION_FORMAT = dwarf;
				ENABLE_STRICT_OBJC_MSGSEND = YES;
				ENABLE_TESTABILITY = YES;
				ENABLE_USER_SCRIPT_SANDBOXING = YES;
				GCC_C_LANGUAGE_STANDARD = gnu17;
				GCC_DYNAMIC_NO_PIC = NO;
				GCC_NO_COMMON_BLOCKS = YES;
				GCC_OPTIMIZATION_LEVEL = 0;
				GCC_PREPROCESSOR_DEFINITIONS = (
					"DEBUG=1",
					"$(inherited)",
				);
				GCC_WARN_64_TO_32_BIT_CONVERSION = YES;
				GCC_WARN_ABOUT_RETURN_TYPE = YES_ERROR;
				GCC_WARN_UNDECLARED_SELECTOR = YES;
				GCC_WARN_UNINITIALIZED_AUTOS = YES_AGGRESSIVE;
				GCC_WARN_UNUSED_FUNCTION = YES;
				GCC_WARN_UNUSED_VARIABLE = YES;
				IPHONEOS_DEPLOYMENT_TARGET = 17.0;
				LOCALIZATION_PREFERS_STRING_CATALOGS = YES;
				MTL_ENABLE_DEBUG_INFO = INCLUDE_SOURCE;
				MTL_FAST_MATH = YES;
				ONLY_ACTIVE_ARCH = YES;
				SDKROOT = iphoneos;
				SWIFT_ACTIVE_COMPILATION_CONDITIONS = "DEBUG $(inherited)";
				SWIFT_OPTIMIZATION_LEVEL = "-Onone";
			};
			name = Debug;
		};
		0A0F7DF22B712B7B009D3A3C /* Release */ = {
			isa = XCBuildConfiguration;
			buildSettings = {
				ALWAYS_SEARCH_USER_PATHS = NO;
				ASSETCATALOG_COMPILER_GENERATE_SWIFT_ASSET_SYMBOL_EXTENSIONS = YES;
				CLANG_ANALYZER_NONNULL = YES;
				CLANG_ANALYZER_NUMBER_OBJECT_CONVERSION = YES_AGGRESSIVE;
				CLANG_CXX_LANGUAGE_STANDARD = "gnu++20";
				CLANG_ENABLE_MODULES = YES;
				CLANG_ENABLE_OBJC_ARC = YES;
				CLANG_ENABLE_OBJC_WEAK = YES;
				CLANG_WARN_BLOCK_CAPTURE_AUTORELEASING = YES;
				CLANG_WARN_BOOL_CONVERSION = YES;
				CLANG_WARN_COMMA = YES;
				CLANG_WARN_CONSTANT_CONVERSION = YES;
				CLANG_WARN_DEPRECATED_OBJC_IMPLEMENTATIONS = YES;
				CLANG_WARN_DIRECT_OBJC_ISA_USAGE = YES_ERROR;
				CLANG_WARN_DOCUMENTATION_COMMENTS = YES;
				CLANG_WARN_EMPTY_BODY = YES;
				CLANG_WARN_ENUM_CONVERSION = YES;
				CLANG_WARN_INFINITE_RECURSION = YES;
				CLANG_WARN_INT_CONVERSION = YES;
				CLANG_WARN_NON_LITERAL_NULL_CONVERSION = YES;
				CLANG_WARN_OBJC_IMPLICIT_RETAIN_SELF = YES;
				CLANG_WARN_OBJC_LITERAL_CONVERSION = YES;
				CLANG_WARN_OBJC_ROOT_CLASS = YES_ERROR;
				CLANG_WARN_QUOTED_INCLUDE_IN_FRAMEWORK_HEADER = YES;
				CLANG_WARN_RANGE_LOOP_ANALYSIS = YES;
				CLANG_WARN_STRICT_PROTOTYPES = YES;
				CLANG_WARN_SUSPICIOUS_MOVE = YES;
				CLANG_WARN_UNGUARDED_AVAILABILITY = YES_AGGRESSIVE;
				CLANG_WARN_UNREACHABLE_CODE = YES;
				CLANG_WARN__DUPLICATE_METHOD_MATCH = YES;
				COPY_PHASE_STRIP = NO;
				DEBUG_INFORMATION_FORMAT = "dwarf-with-dsym";
				ENABLE_NS_ASSERTIONS = NO;
				ENABLE_STRICT_OBJC_MSGSEND = YES;
				ENABLE_USER_SCRIPT_SANDBOXING = YES;
				GCC_C_LANGUAGE_STANDARD = gnu17;
				GCC_NO_COMMON_BLOCKS = YES;
				GCC_WARN_64_TO_32_BIT_CONVERSION = YES;
				GCC_WARN_ABOUT_RETURN_TYPE = YES_ERROR;
				GCC_WARN_UNDECLARED_SELECTOR = YES;
				GCC_WARN_UNINITIALIZED_AUTOS = YES_AGGRESSIVE;
				GCC_WARN_UNUSED_FUNCTION = YES;
				GCC_WARN_UNUSED_VARIABLE = YES;
				IPHONEOS_DEPLOYMENT_TARGET = 17.0;
				LOCALIZATION_PREFERS_STRING_CATALOGS = YES;
				MTL_ENABLE_DEBUG_INFO = NO;
				MTL_FAST_MATH = YES;
				SDKROOT = iphoneos;
				SWIFT_COMPILATION_MODE = wholemodule;
				VALIDATE_PRODUCT = YES;
			};
			name = Release;
		};
		0A0F7DF42B712B7B009D3A3C /* Debug */ = {
			isa = XCBuildConfiguration;
			buildSettings = {
				ASSETCATALOG_COMPILER_APPICON_NAME = AppIcon;
				ASSETCATALOG_COMPILER_GLOBAL_ACCENT_COLOR_NAME = AccentColor;
				CODE_SIGN_STYLE = Automatic;
				CURRENT_PROJECT_VERSION = 1;
				DEVELOPMENT_TEAM = 7WN4BA2YG3;
				ENABLE_USER_SCRIPT_SANDBOXING = NO;
				GENERATE_INFOPLIST_FILE = YES;
				INFOPLIST_FILE = UIKItTemplate/SupportingFiles/Info.plist;
				INFOPLIST_KEY_UIApplicationSupportsIndirectInputEvents = YES;
				INFOPLIST_KEY_UILaunchStoryboardName = LaunchScreen;
				INFOPLIST_KEY_UIMainStoryboardFile = Main;
				INFOPLIST_KEY_UISupportedInterfaceOrientations_iPad = "UIInterfaceOrientationPortrait UIInterfaceOrientationPortraitUpsideDown UIInterfaceOrientationLandscapeLeft UIInterfaceOrientationLandscapeRight";
				INFOPLIST_KEY_UISupportedInterfaceOrientations_iPhone = "UIInterfaceOrientationPortrait UIInterfaceOrientationLandscapeLeft UIInterfaceOrientationLandscapeRight";
				LD_RUNPATH_SEARCH_PATHS = (
					"$(inherited)",
					"@executable_path/Frameworks",
				);
				MARKETING_VERSION = 1.0;
				PRODUCT_BUNDLE_IDENTIFIER = com.zmey666.UIKItTemplate;
				PRODUCT_NAME = "$(TARGET_NAME)";
				SWIFT_EMIT_LOC_STRINGS = YES;
				SWIFT_VERSION = 5.0;
				TARGETED_DEVICE_FAMILY = "1,2";
			};
			name = Debug;
		};
		0A0F7DF52B712B7B009D3A3C /* Release */ = {
			isa = XCBuildConfiguration;
			buildSettings = {
				ASSETCATALOG_COMPILER_APPICON_NAME = AppIcon;
				ASSETCATALOG_COMPILER_GLOBAL_ACCENT_COLOR_NAME = AccentColor;
				CODE_SIGN_STYLE = Automatic;
				CURRENT_PROJECT_VERSION = 1;
				DEVELOPMENT_TEAM = 7WN4BA2YG3;
				ENABLE_USER_SCRIPT_SANDBOXING = NO;
				GENERATE_INFOPLIST_FILE = YES;
				INFOPLIST_FILE = UIKItTemplate/SupportingFiles/Info.plist;
				INFOPLIST_KEY_UIApplicationSupportsIndirectInputEvents = YES;
				INFOPLIST_KEY_UILaunchStoryboardName = LaunchScreen;
				INFOPLIST_KEY_UIMainStoryboardFile = Main;
				INFOPLIST_KEY_UISupportedInterfaceOrientations_iPad = "UIInterfaceOrientationPortrait UIInterfaceOrientationPortraitUpsideDown UIInterfaceOrientationLandscapeLeft UIInterfaceOrientationLandscapeRight";
				INFOPLIST_KEY_UISupportedInterfaceOrientations_iPhone = "UIInterfaceOrientationPortrait UIInterfaceOrientationLandscapeLeft UIInterfaceOrientationLandscapeRight";
				LD_RUNPATH_SEARCH_PATHS = (
					"$(inherited)",
					"@executable_path/Frameworks",
				);
				MARKETING_VERSION = 1.0;
				PRODUCT_BUNDLE_IDENTIFIER = com.zmey666.UIKItTemplate;
				PRODUCT_NAME = "$(TARGET_NAME)";
				SWIFT_EMIT_LOC_STRINGS = YES;
				SWIFT_VERSION = 5.0;
				TARGETED_DEVICE_FAMILY = "1,2";
			};
			name = Release;
		};
/* End XCBuildConfiguration section */

/* Begin XCConfigurationList section */
		0A0F7DDA2B712B7A009D3A3C /* Build configuration list for PBXProject "UIKItTemplate" */ = {
			isa = XCConfigurationList;
			buildConfigurations = (
				0A0F7DF12B712B7B009D3A3C /* Debug */,
				0A0F7DF22B712B7B009D3A3C /* Release */,
			);
			defaultConfigurationIsVisible = 0;
			defaultConfigurationName = Release;
		};
		0A0F7DF32B712B7B009D3A3C /* Build configuration list for PBXNativeTarget "UIKItTemplate" */ = {
			isa = XCConfigurationList;
			buildConfigurations = (
				0A0F7DF42B712B7B009D3A3C /* Debug */,
				0A0F7DF52B712B7B009D3A3C /* Release */,
			);
			defaultConfigurationIsVisible = 0;
			defaultConfigurationName = Release;
		};
/* End XCConfigurationList section */
	};
	rootObject = 0A0F7DD72B712B7A009D3A3C /* Project object */;
}
