// !$*UTF8*$!
{
	archiveVersion = 1;
	classes = {
	};
	objectVersion = 56;
	objects = {

/* Begin PBXBuildFile section */
		0A0F7DE32B712B7A009D3A3C /* AppDelegate.swift in Sources */ = {isa = PBXBuildFile; fileRef = 0A0F7DE22B712B7A009D3A3C /* AppDelegate.swift */; };
		0A0F7DE52B712B7A009D3A3C /* SceneDelegate.swift in Sources */ = {isa = PBXBuildFile; fileRef = 0A0F7DE42B712B7A009D3A3C /* SceneDelegate.swift */; };
		0A0F7DEC2B712B7B009D3A3C /* Assets.xcassets in Resources */ = {isa = PBXBuildFile; fileRef = 0A0F7DEB2B712B7B009D3A3C /* Assets.xcassets */; };
		0A0F7DEF2B712B7B009D3A3C /* LaunchScreen.storyboard in Resources */ = {isa = PBXBuildFile; fileRef = 0A0F7DED2B712B7B009D3A3C /* LaunchScreen.storyboard */; };
		0A3B2B942B7267070038208F /* README.md in Resources */ = {isa = PBXBuildFile; fileRef = 0A3B2B932B7267070038208F /* README.md */; };
		0AC878A92B7CEBFB00A5AAC3 /* TabBarController.swift in Sources */ = {isa = PBXBuildFile; fileRef = 0AC878A82B7CEBFB00A5AAC3 /* TabBarController.swift */; };
		0AC878C02B7CEFD000A5AAC3 /* CategoryView.swift in Sources */ = {isa = PBXBuildFile; fileRef = 0AC878BC2B7CEFCF00A5AAC3 /* CategoryView.swift */; };
		0AC878C12B7CEFD000A5AAC3 /* CatalogViewController.swift in Sources */ = {isa = PBXBuildFile; fileRef = 0AC878BE2B7CEFCF00A5AAC3 /* CatalogViewController.swift */; };
		0AC878C82B7CF00C00A5AAC3 /* ProductDetailedView.swift in Sources */ = {isa = PBXBuildFile; fileRef = 0AC878C32B7CF00C00A5AAC3 /* ProductDetailedView.swift */; };
		0AC878C92B7CF00C00A5AAC3 /* ProductDetailedViewController.swift in Sources */ = {isa = PBXBuildFile; fileRef = 0AC878C52B7CF00C00A5AAC3 /* ProductDetailedViewController.swift */; };
		0AC878CA2B7CF00C00A5AAC3 /* Product.swift in Sources */ = {isa = PBXBuildFile; fileRef = 0AC878C72B7CF00C00A5AAC3 /* Product.swift */; };
		0AC878D22B7CF0E800A5AAC3 /* SizeChoosingViewController.swift in Sources */ = {isa = PBXBuildFile; fileRef = 0AC878CE2B7CF0E700A5AAC3 /* SizeChoosingViewController.swift */; };
		0AC878D32B7CF0E800A5AAC3 /* SizeChoosingLabel.swift in Sources */ = {isa = PBXBuildFile; fileRef = 0AC878D02B7CF0E800A5AAC3 /* SizeChoosingLabel.swift */; };
		0AC878EC2B7CF19A00A5AAC3 /* BasketViewController.swift in Sources */ = {isa = PBXBuildFile; fileRef = 0AC878E72B7CF19900A5AAC3 /* BasketViewController.swift */; };
		0AC878ED2B7CF19A00A5AAC3 /* BasketView.swift in Sources */ = {isa = PBXBuildFile; fileRef = 0AC878E92B7CF19900A5AAC3 /* BasketView.swift */; };
		0AC878EE2B7CF19A00A5AAC3 /* BasketModel.swift in Sources */ = {isa = PBXBuildFile; fileRef = 0AC878EB2B7CF19A00A5AAC3 /* BasketModel.swift */; };
		0AC878F12B7CF46D00A5AAC3 /* UIView+Extension.swift in Sources */ = {isa = PBXBuildFile; fileRef = 0AC878F02B7CF46D00A5AAC3 /* UIView+Extension.swift */; };
		0AEAD0012B8359EF009F0191 /* ProfileViewController.swift in Sources */ = {isa = PBXBuildFile; fileRef = 0AEACFF42B8359EF009F0191 /* ProfileViewController.swift */; };
		0AEAD0022B8359EF009F0191 /* ProfileModel.swift in Sources */ = {isa = PBXBuildFile; fileRef = 0AEACFF62B8359EF009F0191 /* ProfileModel.swift */; };
		0AEAD0032B8359EF009F0191 /* CardView.swift in Sources */ = {isa = PBXBuildFile; fileRef = 0AEACFF82B8359EF009F0191 /* CardView.swift */; };
		0AEAD0042B8359EF009F0191 /* PersonalButton.swift in Sources */ = {isa = PBXBuildFile; fileRef = 0AEACFF92B8359EF009F0191 /* PersonalButton.swift */; };
		0AEAD0052B8359EF009F0191 /* ProfileDetailsViewController.swift in Sources */ = {isa = PBXBuildFile; fileRef = 0AEACFFC2B8359EF009F0191 /* ProfileDetailsViewController.swift */; };
		0AEAD0062B8359EF009F0191 /* PersonalData.swift in Sources */ = {isa = PBXBuildFile; fileRef = 0AEACFFE2B8359EF009F0191 /* PersonalData.swift */; };
		0AEAD0072B8359EF009F0191 /* InfoTextField.swift in Sources */ = {isa = PBXBuildFile; fileRef = 0AEAD0002B8359EF009F0191 /* InfoTextField.swift */; };
		0AF616352B7D3FA600B44201 /* UIFont+Extension.swift in Sources */ = {isa = PBXBuildFile; fileRef = 0AF616342B7D3FA600B44201 /* UIFont+Extension.swift */; };
		0AF6163A2B7E828C00B44201 /* ProductStorage.swift in Sources */ = {isa = PBXBuildFile; fileRef = 0AF616392B7E828C00B44201 /* ProductStorage.swift */; };
/* End PBXBuildFile section */

/* Begin PBXFileReference section */
		0A0F7DDF2B712B7A009D3A3C /* UIKItTemplate.app */ = {isa = PBXFileReference; explicitFileType = wrapper.application; includeInIndex = 0; path = UIKItTemplate.app; sourceTree = BUILT_PRODUCTS_DIR; };
		0A0F7DE22B712B7A009D3A3C /* AppDelegate.swift */ = {isa = PBXFileReference; lastKnownFileType = sourcecode.swift; path = AppDelegate.swift; sourceTree = "<group>"; };
		0A0F7DE42B712B7A009D3A3C /* SceneDelegate.swift */ = {isa = PBXFileReference; lastKnownFileType = sourcecode.swift; path = SceneDelegate.swift; sourceTree = "<group>"; };
		0A0F7DEB2B712B7B009D3A3C /* Assets.xcassets */ = {isa = PBXFileReference; lastKnownFileType = folder.assetcatalog; path = Assets.xcassets; sourceTree = "<group>"; };
		0A0F7DEE2B712B7B009D3A3C /* Base */ = {isa = PBXFileReference; lastKnownFileType = file.storyboard; name = Base; path = Base.lproj/LaunchScreen.storyboard; sourceTree = "<group>"; };
		0A0F7DF02B712B7B009D3A3C /* Info.plist */ = {isa = PBXFileReference; lastKnownFileType = text.plist.xml; path = Info.plist; sourceTree = "<group>"; };
		0A3B2B932B7267070038208F /* README.md */ = {isa = PBXFileReference; fileEncoding = 4; lastKnownFileType = net.daringfireball.markdown; path = README.md; sourceTree = "<group>"; };
		0AC878A82B7CEBFB00A5AAC3 /* TabBarController.swift */ = {isa = PBXFileReference; lastKnownFileType = sourcecode.swift; path = TabBarController.swift; sourceTree = "<group>"; };
		0AC878BC2B7CEFCF00A5AAC3 /* CategoryView.swift */ = {isa = PBXFileReference; fileEncoding = 4; lastKnownFileType = sourcecode.swift; path = CategoryView.swift; sourceTree = "<group>"; };
		0AC878BE2B7CEFCF00A5AAC3 /* CatalogViewController.swift */ = {isa = PBXFileReference; fileEncoding = 4; lastKnownFileType = sourcecode.swift; path = CatalogViewController.swift; sourceTree = "<group>"; };
		0AC878C32B7CF00C00A5AAC3 /* ProductDetailedView.swift */ = {isa = PBXFileReference; fileEncoding = 4; lastKnownFileType = sourcecode.swift; path = ProductDetailedView.swift; sourceTree = "<group>"; };
		0AC878C52B7CF00C00A5AAC3 /* ProductDetailedViewController.swift */ = {isa = PBXFileReference; fileEncoding = 4; lastKnownFileType = sourcecode.swift; path = ProductDetailedViewController.swift; sourceTree = "<group>"; };
		0AC878C72B7CF00C00A5AAC3 /* Product.swift */ = {isa = PBXFileReference; fileEncoding = 4; lastKnownFileType = sourcecode.swift; path = Product.swift; sourceTree = "<group>"; };
		0AC878CE2B7CF0E700A5AAC3 /* SizeChoosingViewController.swift */ = {isa = PBXFileReference; fileEncoding = 4; lastKnownFileType = sourcecode.swift; path = SizeChoosingViewController.swift; sourceTree = "<group>"; };
		0AC878D02B7CF0E800A5AAC3 /* SizeChoosingLabel.swift */ = {isa = PBXFileReference; fileEncoding = 4; lastKnownFileType = sourcecode.swift; path = SizeChoosingLabel.swift; sourceTree = "<group>"; };
		0AC878E72B7CF19900A5AAC3 /* BasketViewController.swift */ = {isa = PBXFileReference; fileEncoding = 4; lastKnownFileType = sourcecode.swift; path = BasketViewController.swift; sourceTree = "<group>"; };
		0AC878E92B7CF19900A5AAC3 /* BasketView.swift */ = {isa = PBXFileReference; fileEncoding = 4; lastKnownFileType = sourcecode.swift; path = BasketView.swift; sourceTree = "<group>"; };
		0AC878EB2B7CF19A00A5AAC3 /* BasketModel.swift */ = {isa = PBXFileReference; fileEncoding = 4; lastKnownFileType = sourcecode.swift; path = BasketModel.swift; sourceTree = "<group>"; };
		0AC878F02B7CF46D00A5AAC3 /* UIView+Extension.swift */ = {isa = PBXFileReference; lastKnownFileType = sourcecode.swift; path = "UIView+Extension.swift"; sourceTree = "<group>"; };
		0AEACFF42B8359EF009F0191 /* ProfileViewController.swift */ = {isa = PBXFileReference; fileEncoding = 4; lastKnownFileType = sourcecode.swift; path = ProfileViewController.swift; sourceTree = "<group>"; };
		0AEACFF62B8359EF009F0191 /* ProfileModel.swift */ = {isa = PBXFileReference; fileEncoding = 4; lastKnownFileType = sourcecode.swift; path = ProfileModel.swift; sourceTree = "<group>"; };
		0AEACFF82B8359EF009F0191 /* CardView.swift */ = {isa = PBXFileReference; fileEncoding = 4; lastKnownFileType = sourcecode.swift; path = CardView.swift; sourceTree = "<group>"; };
		0AEACFF92B8359EF009F0191 /* PersonalButton.swift */ = {isa = PBXFileReference; fileEncoding = 4; lastKnownFileType = sourcecode.swift; path = PersonalButton.swift; sourceTree = "<group>"; };
		0AEACFFC2B8359EF009F0191 /* ProfileDetailsViewController.swift */ = {isa = PBXFileReference; fileEncoding = 4; lastKnownFileType = sourcecode.swift; path = ProfileDetailsViewController.swift; sourceTree = "<group>"; };
		0AEACFFE2B8359EF009F0191 /* PersonalData.swift */ = {isa = PBXFileReference; fileEncoding = 4; lastKnownFileType = sourcecode.swift; path = PersonalData.swift; sourceTree = "<group>"; };
		0AEAD0002B8359EF009F0191 /* InfoTextField.swift */ = {isa = PBXFileReference; fileEncoding = 4; lastKnownFileType = sourcecode.swift; path = InfoTextField.swift; sourceTree = "<group>"; };
		0AF616342B7D3FA600B44201 /* UIFont+Extension.swift */ = {isa = PBXFileReference; lastKnownFileType = sourcecode.swift; path = "UIFont+Extension.swift"; sourceTree = "<group>"; };
		0AF616392B7E828C00B44201 /* ProductStorage.swift */ = {isa = PBXFileReference; lastKnownFileType = sourcecode.swift; path = ProductStorage.swift; sourceTree = "<group>"; };
/* End PBXFileReference section */

/* Begin PBXFrameworksBuildPhase section */
		0A0F7DDC2B712B7A009D3A3C /* Frameworks */ = {
			isa = PBXFrameworksBuildPhase;
			buildActionMask = 2147483647;
			files = (
			);
			runOnlyForDeploymentPostprocessing = 0;
		};
/* End PBXFrameworksBuildPhase section */

/* Begin PBXGroup section */
		0A0F7DD62B712B7A009D3A3C = {
			isa = PBXGroup;
			children = (
				0A3B2B932B7267070038208F /* README.md */,
				0A0F7DE12B712B7A009D3A3C /* UIKItTemplate */,
				0A0F7DE02B712B7A009D3A3C /* Products */,
			);
			sourceTree = "<group>";
		};
		0A0F7DE02B712B7A009D3A3C /* Products */ = {
			isa = PBXGroup;
			children = (
				0A0F7DDF2B712B7A009D3A3C /* UIKItTemplate.app */,
			);
			name = Products;
			sourceTree = "<group>";
		};
		0A0F7DE12B712B7A009D3A3C /* UIKItTemplate */ = {
			isa = PBXGroup;
			children = (
				0A3B2B8A2B7201BC0038208F /* App */,
				0AC878A52B7CEB6A00A5AAC3 /* Modules */,
				0A3B2B8B2B7201E10038208F /* SupportingFiles */,
				0AC878EF2B7CF44F00A5AAC3 /* Extensions */,
				0AF616382B7E825300B44201 /* Services */,
			);
			path = UIKItTemplate;
			sourceTree = "<group>";
		};
		0A3B2B8A2B7201BC0038208F /* App */ = {
			isa = PBXGroup;
			children = (
				0A0F7DE22B712B7A009D3A3C /* AppDelegate.swift */,
				0A0F7DE42B712B7A009D3A3C /* SceneDelegate.swift */,
			);
			path = App;
			sourceTree = "<group>";
		};
		0A3B2B8B2B7201E10038208F /* SupportingFiles */ = {
			isa = PBXGroup;
			children = (
				0A0F7DEB2B712B7B009D3A3C /* Assets.xcassets */,
				0A0F7DED2B712B7B009D3A3C /* LaunchScreen.storyboard */,
				0A0F7DF02B712B7B009D3A3C /* Info.plist */,
			);
			path = SupportingFiles;
			sourceTree = "<group>";
		};
		0AC878A52B7CEB6A00A5AAC3 /* Modules */ = {
			isa = PBXGroup;
			children = (
				0AC878A62B7CEB8500A5AAC3 /* TabBar */,
				0AC878AA2B7CEC4E00A5AAC3 /* Catalog */,
				0AC878B42B7CEDCA00A5AAC3 /* ProductDetailed */,
				0AEACFF22B8359EF009F0191 /* Profile */,
				0AEACFFA2B8359EF009F0191 /* ProfileDetails */,
				0AC878B52B7CEDE400A5AAC3 /* SizeChoosing */,
				0AC878B82B7CEE4A00A5AAC3 /* Basket */,
			);
			path = Modules;
			sourceTree = "<group>";
		};
		0AC878A62B7CEB8500A5AAC3 /* TabBar */ = {
			isa = PBXGroup;
			children = (
				0AC878A82B7CEBFB00A5AAC3 /* TabBarController.swift */,
			);
			path = TabBar;
			sourceTree = "<group>";
		};
		0AC878AA2B7CEC4E00A5AAC3 /* Catalog */ = {
			isa = PBXGroup;
			children = (
				0AC878BB2B7CEFCF00A5AAC3 /* View */,
				0AC878BD2B7CEFCF00A5AAC3 /* Controller */,
			);
			path = Catalog;
			sourceTree = "<group>";
		};
		0AC878B42B7CEDCA00A5AAC3 /* ProductDetailed */ = {
			isa = PBXGroup;
			children = (
				0AC878C62B7CF00C00A5AAC3 /* Model */,
				0AC878C22B7CF00C00A5AAC3 /* View */,
				0AC878C42B7CF00C00A5AAC3 /* Controller */,
			);
			path = ProductDetailed;
			sourceTree = "<group>";
		};
		0AC878B52B7CEDE400A5AAC3 /* SizeChoosing */ = {
			isa = PBXGroup;
			children = (
				0AC878CF2B7CF0E800A5AAC3 /* View */,
				0AC878CD2B7CF0E700A5AAC3 /* Controller */,
			);
			path = SizeChoosing;
			sourceTree = "<group>";
		};
		0AC878B82B7CEE4A00A5AAC3 /* Basket */ = {
			isa = PBXGroup;
			children = (
				0AC878EA2B7CF19A00A5AAC3 /* Model */,
				0AC878E82B7CF19900A5AAC3 /* View */,
				0AC878E62B7CF19900A5AAC3 /* Controller */,
			);
			path = Basket;
			sourceTree = "<group>";
		};
		0AC878BB2B7CEFCF00A5AAC3 /* View */ = {
			isa = PBXGroup;
			children = (
				0AC878BC2B7CEFCF00A5AAC3 /* CategoryView.swift */,
			);
			path = View;
			sourceTree = "<group>";
		};
		0AC878BD2B7CEFCF00A5AAC3 /* Controller */ = {
			isa = PBXGroup;
			children = (
				0AC878BE2B7CEFCF00A5AAC3 /* CatalogViewController.swift */,
			);
			path = Controller;
			sourceTree = "<group>";
		};
		0AC878C22B7CF00C00A5AAC3 /* View */ = {
			isa = PBXGroup;
			children = (
				0AC878C32B7CF00C00A5AAC3 /* ProductDetailedView.swift */,
			);
			path = View;
			sourceTree = "<group>";
		};
		0AC878C42B7CF00C00A5AAC3 /* Controller */ = {
			isa = PBXGroup;
			children = (
				0AC878C52B7CF00C00A5AAC3 /* ProductDetailedViewController.swift */,
			);
			path = Controller;
			sourceTree = "<group>";
		};
		0AC878C62B7CF00C00A5AAC3 /* Model */ = {
			isa = PBXGroup;
			children = (
				0AC878C72B7CF00C00A5AAC3 /* Product.swift */,
			);
			path = Model;
			sourceTree = "<group>";
		};
		0AC878CD2B7CF0E700A5AAC3 /* Controller */ = {
			isa = PBXGroup;
			children = (
				0AC878CE2B7CF0E700A5AAC3 /* SizeChoosingViewController.swift */,
			);
			path = Controller;
			sourceTree = "<group>";
		};
		0AC878CF2B7CF0E800A5AAC3 /* View */ = {
			isa = PBXGroup;
			children = (
				0AC878D02B7CF0E800A5AAC3 /* SizeChoosingLabel.swift */,
			);
			path = View;
			sourceTree = "<group>";
		};
		0AC878E62B7CF19900A5AAC3 /* Controller */ = {
			isa = PBXGroup;
			children = (
				0AC878E72B7CF19900A5AAC3 /* BasketViewController.swift */,
			);
			path = Controller;
			sourceTree = "<group>";
		};
		0AC878E82B7CF19900A5AAC3 /* View */ = {
			isa = PBXGroup;
			children = (
				0AC878E92B7CF19900A5AAC3 /* BasketView.swift */,
			);
			path = View;
			sourceTree = "<group>";
		};
		0AC878EA2B7CF19A00A5AAC3 /* Model */ = {
			isa = PBXGroup;
			children = (
				0AC878EB2B7CF19A00A5AAC3 /* BasketModel.swift */,
			);
			path = Model;
			sourceTree = "<group>";
		};
		0AC878EF2B7CF44F00A5AAC3 /* Extensions */ = {
			isa = PBXGroup;
			children = (
				0AC878F02B7CF46D00A5AAC3 /* UIView+Extension.swift */,
				0AF616342B7D3FA600B44201 /* UIFont+Extension.swift */,
			);
			path = Extensions;
			sourceTree = "<group>";
		};
		0AEACFF22B8359EF009F0191 /* Profile */ = {
			isa = PBXGroup;
			children = (
				0AEACFF32B8359EF009F0191 /* Controller */,
				0AEACFF52B8359EF009F0191 /* Model */,
				0AEACFF72B8359EF009F0191 /* View */,
			);
			name = Profile;
			path = ../../../../../../UIKItTemplate/Modules/Profile;
			sourceTree = "<group>";
		};
		0AEACFF32B8359EF009F0191 /* Controller */ = {
			isa = PBXGroup;
			children = (
				0AEACFF42B8359EF009F0191 /* ProfileViewController.swift */,
			);
			path = Controller;
			sourceTree = "<group>";
		};
		0AEACFF52B8359EF009F0191 /* Model */ = {
			isa = PBXGroup;
			children = (
				0AEACFF62B8359EF009F0191 /* ProfileModel.swift */,
			);
			path = Model;
			sourceTree = "<group>";
		};
		0AEACFF72B8359EF009F0191 /* View */ = {
			isa = PBXGroup;
			children = (
				0AEACFF82B8359EF009F0191 /* CardView.swift */,
				0AEACFF92B8359EF009F0191 /* PersonalButton.swift */,
			);
			path = View;
			sourceTree = "<group>";
		};
		0AEACFFA2B8359EF009F0191 /* ProfileDetails */ = {
			isa = PBXGroup;
			children = (
				0AEACFFB2B8359EF009F0191 /* Controller */,
				0AEACFFD2B8359EF009F0191 /* Model */,
				0AEACFFF2B8359EF009F0191 /* View */,
			);
			name = ProfileDetails;
			path = ../../../../../../UIKItTemplate/Modules/ProfileDetails;
			sourceTree = "<group>";
		};
		0AEACFFB2B8359EF009F0191 /* Controller */ = {
			isa = PBXGroup;
			children = (
				0AEACFFC2B8359EF009F0191 /* ProfileDetailsViewController.swift */,
			);
			path = Controller;
			sourceTree = "<group>";
		};
		0AEACFFD2B8359EF009F0191 /* Model */ = {
			isa = PBXGroup;
			children = (
				0AEACFFE2B8359EF009F0191 /* PersonalData.swift */,
			);
			path = Model;
			sourceTree = "<group>";
		};
		0AEACFFF2B8359EF009F0191 /* View */ = {
			isa = PBXGroup;
			children = (
				0AEAD0002B8359EF009F0191 /* InfoTextField.swift */,
			);
			path = View;
			sourceTree = "<group>";
		};
		0AF616382B7E825300B44201 /* Services */ = {
			isa = PBXGroup;
			children = (
				0AF616392B7E828C00B44201 /* ProductStorage.swift */,
			);
			path = Services;
			sourceTree = "<group>";
		};
/* End PBXGroup section */

/* Begin PBXNativeTarget section */
		0A0F7DDE2B712B7A009D3A3C /* UIKItTemplate */ = {
			isa = PBXNativeTarget;
			buildConfigurationList = 0A0F7DF32B712B7B009D3A3C /* Build configuration list for PBXNativeTarget "UIKItTemplate" */;
			buildPhases = (
				0A3B2B892B71FD160038208F /* Swiftformat */,
				0A0B7AEB2B71525700BBD13E /* SwiftlintScript */,
				0A0F7DDB2B712B7A009D3A3C /* Sources */,
				0A0F7DDC2B712B7A009D3A3C /* Frameworks */,
				0A0F7DDD2B712B7A009D3A3C /* Resources */,
			);
			buildRules = (
			);
			dependencies = (
			);
			name = UIKItTemplate;
			productName = UIKItTemplate;
			productReference = 0A0F7DDF2B712B7A009D3A3C /* UIKItTemplate.app */;
			productType = "com.apple.product-type.application";
		};
/* End PBXNativeTarget section */

/* Begin PBXProject section */
		0A0F7DD72B712B7A009D3A3C /* Project object */ = {
			isa = PBXProject;
			attributes = {
				BuildIndependentTargetsInParallel = 1;
				LastSwiftUpdateCheck = 1500;
				LastUpgradeCheck = 1500;
				TargetAttributes = {
					0A0F7DDE2B712B7A009D3A3C = {
						CreatedOnToolsVersion = 15.0;
					};
				};
			};
			buildConfigurationList = 0A0F7DDA2B712B7A009D3A3C /* Build configuration list for PBXProject "UIKItTemplate" */;
			compatibilityVersion = "Xcode 14.0";
			developmentRegion = en;
			hasScannedForEncodings = 0;
			knownRegions = (
				en,
				Base,
			);
			mainGroup = 0A0F7DD62B712B7A009D3A3C;
			productRefGroup = 0A0F7DE02B712B7A009D3A3C /* Products */;
			projectDirPath = "";
			projectRoot = "";
			targets = (
				0A0F7DDE2B712B7A009D3A3C /* UIKItTemplate */,
			);
		};
/* End PBXProject section */

/* Begin PBXResourcesBuildPhase section */
		0A0F7DDD2B712B7A009D3A3C /* Resources */ = {
			isa = PBXResourcesBuildPhase;
			buildActionMask = 2147483647;
			files = (
				0A0F7DEF2B712B7B009D3A3C /* LaunchScreen.storyboard in Resources */,
				0A0F7DEC2B712B7B009D3A3C /* Assets.xcassets in Resources */,
				0A3B2B942B7267070038208F /* README.md in Resources */,
			);
			runOnlyForDeploymentPostprocessing = 0;
		};
/* End PBXResourcesBuildPhase section */

/* Begin PBXShellScriptBuildPhase section */
		0A0B7AEB2B71525700BBD13E /* SwiftlintScript */ = {
			isa = PBXShellScriptBuildPhase;
			alwaysOutOfDate = 1;
			buildActionMask = 2147483647;
			files = (
			);
			inputFileListPaths = (
			);
			inputPaths = (
			);
			name = SwiftlintScript;
			outputFileListPaths = (
			);
			outputPaths = (
			);
			runOnlyForDeploymentPostprocessing = 0;
			shellPath = /bin/sh;
			shellScript = "if [[ \"$(uname -m)\" == arm64 ]]; then\n    export PATH=\"/opt/homebrew/bin:$PATH\"\nfi\n\nif which swiftlint > /dev/null; then\n  swiftlint\nelse\n  echo \"warning: SwiftLint not installed, download from https://github.com/realm/SwiftLint\"\nfi\n";
			showEnvVarsInLog = 0;
		};
		0A3B2B892B71FD160038208F /* Swiftformat */ = {
			isa = PBXShellScriptBuildPhase;
			alwaysOutOfDate = 1;
			buildActionMask = 2147483647;
			files = (
			);
			inputFileListPaths = (
			);
			inputPaths = (
			);
			name = Swiftformat;
			outputFileListPaths = (
			);
			outputPaths = (
			);
			runOnlyForDeploymentPostprocessing = 0;
			shellPath = /bin/sh;
			shellScript = "if [[ \"$(uname -m)\" == arm64 ]]; then\n    export PATH=\"/opt/homebrew/bin:$PATH\"\nfi\n\nif which swiftformat >/dev/null; then\n  swiftformat .\nelse\n  echo \"warning: SwiftFormat not installed, download from https://github.com/nicklockwood/SwiftFormat\"\nfi\n";
			showEnvVarsInLog = 0;
		};
/* End PBXShellScriptBuildPhase section */

/* Begin PBXSourcesBuildPhase section */
		0A0F7DDB2B712B7A009D3A3C /* Sources */ = {
			isa = PBXSourcesBuildPhase;
			buildActionMask = 2147483647;
			files = (
				0AC878F12B7CF46D00A5AAC3 /* UIView+Extension.swift in Sources */,
				0AC878C92B7CF00C00A5AAC3 /* ProductDetailedViewController.swift in Sources */,
				0AEAD0052B8359EF009F0191 /* ProfileDetailsViewController.swift in Sources */,
				0AF616352B7D3FA600B44201 /* UIFont+Extension.swift in Sources */,
				0AF6163A2B7E828C00B44201 /* ProductStorage.swift in Sources */,
				0AC878EC2B7CF19A00A5AAC3 /* BasketViewController.swift in Sources */,
				0AC878D22B7CF0E800A5AAC3 /* SizeChoosingViewController.swift in Sources */,
				0AC878C12B7CEFD000A5AAC3 /* CatalogViewController.swift in Sources */,
				0AEAD0032B8359EF009F0191 /* CardView.swift in Sources */,
				0AEAD0012B8359EF009F0191 /* ProfileViewController.swift in Sources */,
				0AC878C82B7CF00C00A5AAC3 /* ProductDetailedView.swift in Sources */,
				0AEAD0022B8359EF009F0191 /* ProfileModel.swift in Sources */,
				0AC878CA2B7CF00C00A5AAC3 /* Product.swift in Sources */,
				0AEAD0062B8359EF009F0191 /* PersonalData.swift in Sources */,
				0A0F7DE32B712B7A009D3A3C /* AppDelegate.swift in Sources */,
				0AEAD0072B8359EF009F0191 /* InfoTextField.swift in Sources */,
				0A0F7DE52B712B7A009D3A3C /* SceneDelegate.swift in Sources */,
				0AC878ED2B7CF19A00A5AAC3 /* BasketView.swift in Sources */,
				0AC878A92B7CEBFB00A5AAC3 /* TabBarController.swift in Sources */,
				0AC878C02B7CEFD000A5AAC3 /* CategoryView.swift in Sources */,
				0AC878D32B7CF0E800A5AAC3 /* SizeChoosingLabel.swift in Sources */,
				0AC878EE2B7CF19A00A5AAC3 /* BasketModel.swift in Sources */,
				0AEAD0042B8359EF009F0191 /* PersonalButton.swift in Sources */,
			);
			runOnlyForDeploymentPostprocessing = 0;
		};
/* End PBXSourcesBuildPhase section */

/* Begin PBXVariantGroup section */
		0A0F7DED2B712B7B009D3A3C /* LaunchScreen.storyboard */ = {
			isa = PBXVariantGroup;
			children = (
				0A0F7DEE2B712B7B009D3A3C /* Base */,
			);
			name = LaunchScreen.storyboard;
			sourceTree = "<group>";
		};
/* End PBXVariantGroup section */

/* Begin XCBuildConfiguration section */
		0A0F7DF12B712B7B009D3A3C /* Debug */ = {
			isa = XCBuildConfiguration;
			buildSettings = {
				ALWAYS_SEARCH_USER_PATHS = NO;
				ASSETCATALOG_COMPILER_GENERATE_SWIFT_ASSET_SYMBOL_EXTENSIONS = YES;
				CLANG_ANALYZER_NONNULL = YES;
				CLANG_ANALYZER_NUMBER_OBJECT_CONVERSION = YES_AGGRESSIVE;
				CLANG_CXX_LANGUAGE_STANDARD = "gnu++20";
				CLANG_ENABLE_MODULES = YES;
				CLANG_ENABLE_OBJC_ARC = YES;
				CLANG_ENABLE_OBJC_WEAK = YES;
				CLANG_WARN_BLOCK_CAPTURE_AUTORELEASING = YES;
				CLANG_WARN_BOOL_CONVERSION = YES;
				CLANG_WARN_COMMA = YES;
				CLANG_WARN_CONSTANT_CONVERSION = YES;
				CLANG_WARN_DEPRECATED_OBJC_IMPLEMENTATIONS = YES;
				CLANG_WARN_DIRECT_OBJC_ISA_USAGE = YES_ERROR;
				CLANG_WARN_DOCUMENTATION_COMMENTS = YES;
				CLANG_WARN_EMPTY_BODY = YES;
				CLANG_WARN_ENUM_CONVERSION = YES;
				CLANG_WARN_INFINITE_RECURSION = YES;
				CLANG_WARN_INT_CONVERSION = YES;
				CLANG_WARN_NON_LITERAL_NULL_CONVERSION = YES;
				CLANG_WARN_OBJC_IMPLICIT_RETAIN_SELF = YES;
				CLANG_WARN_OBJC_LITERAL_CONVERSION = YES;
				CLANG_WARN_OBJC_ROOT_CLASS = YES_ERROR;
				CLANG_WARN_QUOTED_INCLUDE_IN_FRAMEWORK_HEADER = YES;
				CLANG_WARN_RANGE_LOOP_ANALYSIS = YES;
				CLANG_WARN_STRICT_PROTOTYPES = YES;
				CLANG_WARN_SUSPICIOUS_MOVE = YES;
				CLANG_WARN_UNGUARDED_AVAILABILITY = YES_AGGRESSIVE;
				CLANG_WARN_UNREACHABLE_CODE = YES;
				CLANG_WARN__DUPLICATE_METHOD_MATCH = YES;
				COPY_PHASE_STRIP = NO;
				DEBUG_INFORMATION_FORMAT = dwarf;
				ENABLE_STRICT_OBJC_MSGSEND = YES;
				ENABLE_TESTABILITY = YES;
				ENABLE_USER_SCRIPT_SANDBOXING = YES;
				GCC_C_LANGUAGE_STANDARD = gnu17;
				GCC_DYNAMIC_NO_PIC = NO;
				GCC_NO_COMMON_BLOCKS = YES;
				GCC_OPTIMIZATION_LEVEL = 0;
				GCC_PREPROCESSOR_DEFINITIONS = (
					"DEBUG=1",
					"$(inherited)",
				);
				GCC_WARN_64_TO_32_BIT_CONVERSION = YES;
				GCC_WARN_ABOUT_RETURN_TYPE = YES_ERROR;
				GCC_WARN_UNDECLARED_SELECTOR = YES;
				GCC_WARN_UNINITIALIZED_AUTOS = YES_AGGRESSIVE;
				GCC_WARN_UNUSED_FUNCTION = YES;
				GCC_WARN_UNUSED_VARIABLE = YES;
				IPHONEOS_DEPLOYMENT_TARGET = 15.0;
				LOCALIZATION_PREFERS_STRING_CATALOGS = YES;
				MTL_ENABLE_DEBUG_INFO = INCLUDE_SOURCE;
				MTL_FAST_MATH = YES;
				ONLY_ACTIVE_ARCH = YES;
				SDKROOT = iphoneos;
				SWIFT_ACTIVE_COMPILATION_CONDITIONS = "DEBUG $(inherited)";
				SWIFT_OPTIMIZATION_LEVEL = "-Onone";
			};
			name = Debug;
		};
		0A0F7DF22B712B7B009D3A3C /* Release */ = {
			isa = XCBuildConfiguration;
			buildSettings = {
				ALWAYS_SEARCH_USER_PATHS = NO;
				ASSETCATALOG_COMPILER_GENERATE_SWIFT_ASSET_SYMBOL_EXTENSIONS = YES;
				CLANG_ANALYZER_NONNULL = YES;
				CLANG_ANALYZER_NUMBER_OBJECT_CONVERSION = YES_AGGRESSIVE;
				CLANG_CXX_LANGUAGE_STANDARD = "gnu++20";
				CLANG_ENABLE_MODULES = YES;
				CLANG_ENABLE_OBJC_ARC = YES;
				CLANG_ENABLE_OBJC_WEAK = YES;
				CLANG_WARN_BLOCK_CAPTURE_AUTORELEASING = YES;
				CLANG_WARN_BOOL_CONVERSION = YES;
				CLANG_WARN_COMMA = YES;
				CLANG_WARN_CONSTANT_CONVERSION = YES;
				CLANG_WARN_DEPRECATED_OBJC_IMPLEMENTATIONS = YES;
				CLANG_WARN_DIRECT_OBJC_ISA_USAGE = YES_ERROR;
				CLANG_WARN_DOCUMENTATION_COMMENTS = YES;
				CLANG_WARN_EMPTY_BODY = YES;
				CLANG_WARN_ENUM_CONVERSION = YES;
				CLANG_WARN_INFINITE_RECURSION = YES;
				CLANG_WARN_INT_CONVERSION = YES;
				CLANG_WARN_NON_LITERAL_NULL_CONVERSION = YES;
				CLANG_WARN_OBJC_IMPLICIT_RETAIN_SELF = YES;
				CLANG_WARN_OBJC_LITERAL_CONVERSION = YES;
				CLANG_WARN_OBJC_ROOT_CLASS = YES_ERROR;
				CLANG_WARN_QUOTED_INCLUDE_IN_FRAMEWORK_HEADER = YES;
				CLANG_WARN_RANGE_LOOP_ANALYSIS = YES;
				CLANG_WARN_STRICT_PROTOTYPES = YES;
				CLANG_WARN_SUSPICIOUS_MOVE = YES;
				CLANG_WARN_UNGUARDED_AVAILABILITY = YES_AGGRESSIVE;
				CLANG_WARN_UNREACHABLE_CODE = YES;
				CLANG_WARN__DUPLICATE_METHOD_MATCH = YES;
				COPY_PHASE_STRIP = NO;
				DEBUG_INFORMATION_FORMAT = "dwarf-with-dsym";
				ENABLE_NS_ASSERTIONS = NO;
				ENABLE_STRICT_OBJC_MSGSEND = YES;
				ENABLE_USER_SCRIPT_SANDBOXING = YES;
				GCC_C_LANGUAGE_STANDARD = gnu17;
				GCC_NO_COMMON_BLOCKS = YES;
				GCC_WARN_64_TO_32_BIT_CONVERSION = YES;
				GCC_WARN_ABOUT_RETURN_TYPE = YES_ERROR;
				GCC_WARN_UNDECLARED_SELECTOR = YES;
				GCC_WARN_UNINITIALIZED_AUTOS = YES_AGGRESSIVE;
				GCC_WARN_UNUSED_FUNCTION = YES;
				GCC_WARN_UNUSED_VARIABLE = YES;
				IPHONEOS_DEPLOYMENT_TARGET = 15.0;
				LOCALIZATION_PREFERS_STRING_CATALOGS = YES;
				MTL_ENABLE_DEBUG_INFO = NO;
				MTL_FAST_MATH = YES;
				SDKROOT = iphoneos;
				SWIFT_COMPILATION_MODE = wholemodule;
				VALIDATE_PRODUCT = YES;
			};
			name = Release;
		};
		0A0F7DF42B712B7B009D3A3C /* Debug */ = {
			isa = XCBuildConfiguration;
			buildSettings = {
				ASSETCATALOG_COMPILER_APPICON_NAME = AppIcon;
				ASSETCATALOG_COMPILER_GLOBAL_ACCENT_COLOR_NAME = AccentColor;
				CODE_SIGN_STYLE = Automatic;
				CURRENT_PROJECT_VERSION = 1;
				DEVELOPMENT_TEAM = 7WN4BA2YG3;
				ENABLE_USER_SCRIPT_SANDBOXING = NO;
				GENERATE_INFOPLIST_FILE = YES;
				INFOPLIST_FILE = UIKItTemplate/SupportingFiles/Info.plist;
				INFOPLIST_KEY_NSCameraUsageDescription = "Take a photo";
				INFOPLIST_KEY_UIApplicationSupportsIndirectInputEvents = YES;
				INFOPLIST_KEY_UILaunchStoryboardName = LaunchScreen;
				INFOPLIST_KEY_UISupportedInterfaceOrientations = UIInterfaceOrientationPortrait;
				IPHONEOS_DEPLOYMENT_TARGET = 15.0;
				LD_RUNPATH_SEARCH_PATHS = (
					"$(inherited)",
					"@executable_path/Frameworks",
				);
				MARKETING_VERSION = 1.0;
				PRODUCT_BUNDLE_IDENTIFIER = com.zmey666.UIKItTemplate;
				PRODUCT_NAME = "$(TARGET_NAME)";
				SUPPORTED_PLATFORMS = "iphoneos iphonesimulator";
				SUPPORTS_MACCATALYST = NO;
				SUPPORTS_MAC_DESIGNED_FOR_IPHONE_IPAD = NO;
				SWIFT_EMIT_LOC_STRINGS = YES;
				SWIFT_VERSION = 5.0;
				TARGETED_DEVICE_FAMILY = 1;
			};
			name = Debug;
		};
		0A0F7DF52B712B7B009D3A3C /* Release */ = {
			isa = XCBuildConfiguration;
			buildSettings = {
				ASSETCATALOG_COMPILER_APPICON_NAME = AppIcon;
				ASSETCATALOG_COMPILER_GLOBAL_ACCENT_COLOR_NAME = AccentColor;
				CODE_SIGN_STYLE = Automatic;
				CURRENT_PROJECT_VERSION = 1;
				DEVELOPMENT_TEAM = 7WN4BA2YG3;
				ENABLE_USER_SCRIPT_SANDBOXING = NO;
				GENERATE_INFOPLIST_FILE = YES;
				INFOPLIST_FILE = UIKItTemplate/SupportingFiles/Info.plist;
				INFOPLIST_KEY_NSCameraUsageDescription = "Take a photo";
				INFOPLIST_KEY_UIApplicationSupportsIndirectInputEvents = YES;
				INFOPLIST_KEY_UILaunchStoryboardName = LaunchScreen;
				INFOPLIST_KEY_UISupportedInterfaceOrientations = UIInterfaceOrientationPortrait;
				IPHONEOS_DEPLOYMENT_TARGET = 15.0;
				LD_RUNPATH_SEARCH_PATHS = (
					"$(inherited)",
					"@executable_path/Frameworks",
				);
				MARKETING_VERSION = 1.0;
				PRODUCT_BUNDLE_IDENTIFIER = com.zmey666.UIKItTemplate;
				PRODUCT_NAME = "$(TARGET_NAME)";
				SUPPORTED_PLATFORMS = "iphoneos iphonesimulator";
				SUPPORTS_MACCATALYST = NO;
				SUPPORTS_MAC_DESIGNED_FOR_IPHONE_IPAD = NO;
				SWIFT_EMIT_LOC_STRINGS = YES;
				SWIFT_VERSION = 5.0;
				TARGETED_DEVICE_FAMILY = 1;
			};
			name = Release;
		};
/* End XCBuildConfiguration section */

/* Begin XCConfigurationList section */
		0A0F7DDA2B712B7A009D3A3C /* Build configuration list for PBXProject "UIKItTemplate" */ = {
			isa = XCConfigurationList;
			buildConfigurations = (
				0A0F7DF12B712B7B009D3A3C /* Debug */,
				0A0F7DF22B712B7B009D3A3C /* Release */,
			);
			defaultConfigurationIsVisible = 0;
			defaultConfigurationName = Release;
		};
		0A0F7DF32B712B7B009D3A3C /* Build configuration list for PBXNativeTarget "UIKItTemplate" */ = {
			isa = XCConfigurationList;
			buildConfigurations = (
				0A0F7DF42B712B7B009D3A3C /* Debug */,
				0A0F7DF52B712B7B009D3A3C /* Release */,
			);
			defaultConfigurationIsVisible = 0;
			defaultConfigurationName = Release;
		};
/* End XCConfigurationList section */
	};
	rootObject = 0A0F7DD72B712B7A009D3A3C /* Project object */;
}
